
Microsoft Visual Studio Solution File, Format Version 12.00
# Visual Studio 2015
Project("{FAE04EC0-301F-11D3-BF4B-00C04F79EFBC}") = "vrnd-course3-starter-project", "vrnd-course3-starter-project.csproj", "{FEFE04C3-EF50-D690-8505-BBCAB0487551}"
EndProject
Project("{FAE04EC0-301F-11D3-BF4B-00C04F79EFBC}") = "vrnd-course3-starter-project.Editor", "vrnd-course3-starter-project.Editor.csproj", "{D5FAA385-83D2-EED4-A923-2DA81343E214}"
EndProject
Global
	GlobalSection(SolutionConfigurationPlatforms) = preSolution
		Debug|Any CPU = Debug|Any CPU
		Release|Any CPU = Release|Any CPU
	EndGlobalSection
	GlobalSection(ProjectConfigurationPlatforms) = postSolution
		{FEFE04C3-EF50-D690-8505-BBCAB0487551}.Debug|Any CPU.ActiveCfg = Debug|Any CPU
		{FEFE04C3-EF50-D690-8505-BBCAB0487551}.Debug|Any CPU.Build.0 = Debug|Any CPU
		{FEFE04C3-EF50-D690-8505-BBCAB0487551}.Release|Any CPU.ActiveCfg = Release|Any CPU
		{FEFE04C3-EF50-D690-8505-BBCAB0487551}.Release|Any CPU.Build.0 = Release|Any CPU
		{D5FAA385-83D2-EED4-A923-2DA81343E214}.Debug|Any CPU.ActiveCfg = Debug|Any CPU
		{D5FAA385-83D2-EED4-A923-2DA81343E214}.Debug|Any CPU.Build.0 = Debug|Any CPU
		{D5FAA385-83D2-EED4-A923-2DA81343E214}.Release|Any CPU.ActiveCfg = Release|Any CPU
		{D5FAA385-83D2-EED4-A923-2DA81343E214}.Release|Any CPU.Build.0 = Release|Any CPU
	EndGlobalSection
	GlobalSection(SolutionProperties) = preSolution
		HideSolutionNode = FALSE
	EndGlobalSection
EndGlobal
